// !$*UTF8*$!
{
	archiveVersion = 1;
	classes = {
	};
	objectVersion = 50;
	objects = {

/* Begin PBXBuildFile section */
		B037C0F925E6567200826910 /* CoreDataManager.swift in Sources */ = {isa = PBXBuildFile; fileRef = B037C0F825E6567200826910 /* CoreDataManager.swift */; };
		B037C0FC25E656B800826910 /* Validator.swift in Sources */ = {isa = PBXBuildFile; fileRef = B037C0FB25E656B800826910 /* Validator.swift */; };
		B096F43625E5DDE500955319 /* AppDelegate.swift in Sources */ = {isa = PBXBuildFile; fileRef = B096F43525E5DDE500955319 /* AppDelegate.swift */; };
		B096F43825E5DDE500955319 /* SceneDelegate.swift in Sources */ = {isa = PBXBuildFile; fileRef = B096F43725E5DDE500955319 /* SceneDelegate.swift */; };
		B096F43D25E5DDE500955319 /* Main.storyboard in Resources */ = {isa = PBXBuildFile; fileRef = B096F43B25E5DDE500955319 /* Main.storyboard */; };
		B096F44025E5DDE500955319 /* PigManagement.xcdatamodeld in Sources */ = {isa = PBXBuildFile; fileRef = B096F43E25E5DDE500955319 /* PigManagement.xcdatamodeld */; };
		B096F44225E5DDF000955319 /* Assets.xcassets in Resources */ = {isa = PBXBuildFile; fileRef = B096F44125E5DDF000955319 /* Assets.xcassets */; };
		B096F44525E5DDF000955319 /* LaunchScreen.storyboard in Resources */ = {isa = PBXBuildFile; fileRef = B096F44325E5DDF000955319 /* LaunchScreen.storyboard */; };
		B096F45025E5E0C800955319 /* SowsController.swift in Sources */ = {isa = PBXBuildFile; fileRef = B096F44F25E5E0C800955319 /* SowsController.swift */; };
		B096F45325E5E16B00955319 /* Extensions.swift in Sources */ = {isa = PBXBuildFile; fileRef = B096F45225E5E16B00955319 /* Extensions.swift */; };
		B096F45625E5ED5600955319 /* SowCell.swift in Sources */ = {isa = PBXBuildFile; fileRef = B096F45525E5ED5600955319 /* SowCell.swift */; };
		B096F45925E5F05900955319 /* CreateSowController.swift in Sources */ = {isa = PBXBuildFile; fileRef = B096F45825E5F05900955319 /* CreateSowController.swift */; };
		B096F45C25E5F63200955319 /* FloatingLabelInput.swift in Sources */ = {isa = PBXBuildFile; fileRef = B096F45B25E5F63100955319 /* FloatingLabelInput.swift */; };
		B096F45F25E6308D00955319 /* Constants.swift in Sources */ = {isa = PBXBuildFile; fileRef = B096F45E25E6308D00955319 /* Constants.swift */; };
/* End PBXBuildFile section */

/* Begin PBXFileReference section */
		B037C0F825E6567200826910 /* CoreDataManager.swift */ = {isa = PBXFileReference; lastKnownFileType = sourcecode.swift; path = CoreDataManager.swift; sourceTree = "<group>"; };
		B037C0FB25E656B800826910 /* Validator.swift */ = {isa = PBXFileReference; lastKnownFileType = sourcecode.swift; path = Validator.swift; sourceTree = "<group>"; };
		B096F43225E5DDE500955319 /* PigManagement.app */ = {isa = PBXFileReference; explicitFileType = wrapper.application; includeInIndex = 0; path = PigManagement.app; sourceTree = BUILT_PRODUCTS_DIR; };
		B096F43525E5DDE500955319 /* AppDelegate.swift */ = {isa = PBXFileReference; lastKnownFileType = sourcecode.swift; path = AppDelegate.swift; sourceTree = "<group>"; };
		B096F43725E5DDE500955319 /* SceneDelegate.swift */ = {isa = PBXFileReference; lastKnownFileType = sourcecode.swift; path = SceneDelegate.swift; sourceTree = "<group>"; };
		B096F43C25E5DDE500955319 /* Base */ = {isa = PBXFileReference; lastKnownFileType = file.storyboard; name = Base; path = Base.lproj/Main.storyboard; sourceTree = "<group>"; };
		B096F43F25E5DDE500955319 /* PigManagement.xcdatamodel */ = {isa = PBXFileReference; lastKnownFileType = wrapper.xcdatamodel; path = PigManagement.xcdatamodel; sourceTree = "<group>"; };
		B096F44125E5DDF000955319 /* Assets.xcassets */ = {isa = PBXFileReference; lastKnownFileType = folder.assetcatalog; path = Assets.xcassets; sourceTree = "<group>"; };
		B096F44425E5DDF000955319 /* Base */ = {isa = PBXFileReference; lastKnownFileType = file.storyboard; name = Base; path = Base.lproj/LaunchScreen.storyboard; sourceTree = "<group>"; };
		B096F44625E5DDF000955319 /* Info.plist */ = {isa = PBXFileReference; lastKnownFileType = text.plist.xml; path = Info.plist; sourceTree = "<group>"; };
		B096F44F25E5E0C800955319 /* SowsController.swift */ = {isa = PBXFileReference; lastKnownFileType = sourcecode.swift; path = SowsController.swift; sourceTree = "<group>"; };
		B096F45225E5E16B00955319 /* Extensions.swift */ = {isa = PBXFileReference; lastKnownFileType = sourcecode.swift; path = Extensions.swift; sourceTree = "<group>"; };
		B096F45525E5ED5600955319 /* SowCell.swift */ = {isa = PBXFileReference; lastKnownFileType = sourcecode.swift; path = SowCell.swift; sourceTree = "<group>"; };
		B096F45825E5F05900955319 /* CreateSowController.swift */ = {isa = PBXFileReference; lastKnownFileType = sourcecode.swift; path = CreateSowController.swift; sourceTree = "<group>"; };
		B096F45B25E5F63100955319 /* FloatingLabelInput.swift */ = {isa = PBXFileReference; lastKnownFileType = sourcecode.swift; path = FloatingLabelInput.swift; sourceTree = "<group>"; };
		B096F45E25E6308D00955319 /* Constants.swift */ = {isa = PBXFileReference; lastKnownFileType = sourcecode.swift; path = Constants.swift; sourceTree = "<group>"; };
/* End PBXFileReference section */

/* Begin PBXFrameworksBuildPhase section */
		B096F42F25E5DDE500955319 /* Frameworks */ = {
			isa = PBXFrameworksBuildPhase;
			buildActionMask = 2147483647;
			files = (
			);
			runOnlyForDeploymentPostprocessing = 0;
		};
/* End PBXFrameworksBuildPhase section */

/* Begin PBXGroup section */
		B096F42925E5DDE500955319 = {
			isa = PBXGroup;
			children = (
				B096F43425E5DDE500955319 /* PigManagement */,
				B096F43325E5DDE500955319 /* Products */,
			);
			sourceTree = "<group>";
		};
		B096F43325E5DDE500955319 /* Products */ = {
			isa = PBXGroup;
			children = (
				B096F43225E5DDE500955319 /* PigManagement.app */,
			);
			name = Products;
			sourceTree = "<group>";
		};
		B096F43425E5DDE500955319 /* PigManagement */ = {
			isa = PBXGroup;
			children = (
				B096F43525E5DDE500955319 /* AppDelegate.swift */,
				B096F43725E5DDE500955319 /* SceneDelegate.swift */,
				B096F45225E5E16B00955319 /* Extensions.swift */,
				B096F44F25E5E0C800955319 /* SowsController.swift */,
				B096F45825E5F05900955319 /* CreateSowController.swift */,
				B037C0FB25E656B800826910 /* Validator.swift */,
				B037C0F825E6567200826910 /* CoreDataManager.swift */,
				B096F45E25E6308D00955319 /* Constants.swift */,
				B096F45B25E5F63100955319 /* FloatingLabelInput.swift */,
				B096F45525E5ED5600955319 /* SowCell.swift */,
				B096F43B25E5DDE500955319 /* Main.storyboard */,
				B096F44125E5DDF000955319 /* Assets.xcassets */,
				B096F44325E5DDF000955319 /* LaunchScreen.storyboard */,
				B096F44625E5DDF000955319 /* Info.plist */,
				B096F43E25E5DDE500955319 /* PigManagement.xcdatamodeld */,
			);
			path = PigManagement;
			sourceTree = "<group>";
		};
/* End PBXGroup section */

/* Begin PBXNativeTarget section */
		B096F43125E5DDE500955319 /* PigManagement */ = {
			isa = PBXNativeTarget;
			buildConfigurationList = B096F44925E5DDF000955319 /* Build configuration list for PBXNativeTarget "PigManagement" */;
			buildPhases = (
				B096F42E25E5DDE500955319 /* Sources */,
				B096F42F25E5DDE500955319 /* Frameworks */,
				B096F43025E5DDE500955319 /* Resources */,
			);
			buildRules = (
			);
			dependencies = (
			);
			name = PigManagement;
			productName = PigManagement;
			productReference = B096F43225E5DDE500955319 /* PigManagement.app */;
			productType = "com.apple.product-type.application";
		};
/* End PBXNativeTarget section */

/* Begin PBXProject section */
		B096F42A25E5DDE500955319 /* Project object */ = {
			isa = PBXProject;
			attributes = {
				LastSwiftUpdateCheck = 1240;
				LastUpgradeCheck = 1240;
				TargetAttributes = {
					B096F43125E5DDE500955319 = {
						CreatedOnToolsVersion = 12.4;
					};
				};
			};
			buildConfigurationList = B096F42D25E5DDE500955319 /* Build configuration list for PBXProject "PigManagement" */;
			compatibilityVersion = "Xcode 9.3";
			developmentRegion = en;
			hasScannedForEncodings = 0;
			knownRegions = (
				en,
				Base,
			);
			mainGroup = B096F42925E5DDE500955319;
			productRefGroup = B096F43325E5DDE500955319 /* Products */;
			projectDirPath = "";
			projectRoot = "";
			targets = (
				B096F43125E5DDE500955319 /* PigManagement */,
			);
		};
/* End PBXProject section */

/* Begin PBXResourcesBuildPhase section */
		B096F43025E5DDE500955319 /* Resources */ = {
			isa = PBXResourcesBuildPhase;
			buildActionMask = 2147483647;
			files = (
				B096F44525E5DDF000955319 /* LaunchScreen.storyboard in Resources */,
				B096F44225E5DDF000955319 /* Assets.xcassets in Resources */,
				B096F43D25E5DDE500955319 /* Main.storyboard in Resources */,
			);
			runOnlyForDeploymentPostprocessing = 0;
		};
/* End PBXResourcesBuildPhase section */

/* Begin PBXSourcesBuildPhase section */
		B096F42E25E5DDE500955319 /* Sources */ = {
			isa = PBXSourcesBuildPhase;
			buildActionMask = 2147483647;
			files = (
				B096F45325E5E16B00955319 /* Extensions.swift in Sources */,
				B096F45625E5ED5600955319 /* SowCell.swift in Sources */,
				B096F43625E5DDE500955319 /* AppDelegate.swift in Sources */,
				B096F43825E5DDE500955319 /* SceneDelegate.swift in Sources */,
				B096F45925E5F05900955319 /* CreateSowController.swift in Sources */,
				B037C0FC25E656B800826910 /* Validator.swift in Sources */,
				B096F44025E5DDE500955319 /* PigManagement.xcdatamodeld in Sources */,
				B096F45025E5E0C800955319 /* SowsController.swift in Sources */,
				B096F45C25E5F63200955319 /* FloatingLabelInput.swift in Sources */,
				B037C0F925E6567200826910 /* CoreDataManager.swift in Sources */,
				B096F45F25E6308D00955319 /* Constants.swift in Sources */,
			);
			runOnlyForDeploymentPostprocessing = 0;
		};
/* End PBXSourcesBuildPhase section */

/* Begin PBXVariantGroup section */
		B096F43B25E5DDE500955319 /* Main.storyboard */ = {
			isa = PBXVariantGroup;
			children = (
				B096F43C25E5DDE500955319 /* Base */,
			);
			name = Main.storyboard;
			sourceTree = "<group>";
		};
		B096F44325E5DDF000955319 /* LaunchScreen.storyboard */ = {
			isa = PBXVariantGroup;
			children = (
				B096F44425E5DDF000955319 /* Base */,
			);
			name = LaunchScreen.storyboard;
			sourceTree = "<group>";
		};
/* End PBXVariantGroup section */

/* Begin XCBuildConfiguration section */
		B096F44725E5DDF000955319 /* Debug */ = {
			isa = XCBuildConfiguration;
			buildSettings = {
				ALWAYS_SEARCH_USER_PATHS = NO;
				CLANG_ANALYZER_NONNULL = YES;
				CLANG_ANALYZER_NUMBER_OBJECT_CONVERSION = YES_AGGRESSIVE;
				CLANG_CXX_LANGUAGE_STANDARD = "gnu++14";
				CLANG_CXX_LIBRARY = "libc++";
				CLANG_ENABLE_MODULES = YES;
				CLANG_ENABLE_OBJC_ARC = YES;
				CLANG_ENABLE_OBJC_WEAK = YES;
				CLANG_WARN_BLOCK_CAPTURE_AUTORELEASING = YES;
				CLANG_WARN_BOOL_CONVERSION = YES;
				CLANG_WARN_COMMA = YES;
				CLANG_WARN_CONSTANT_CONVERSION = YES;
				CLANG_WARN_DEPRECATED_OBJC_IMPLEMENTATIONS = YES;
				CLANG_WARN_DIRECT_OBJC_ISA_USAGE = YES_ERROR;
				CLANG_WARN_DOCUMENTATION_COMMENTS = YES;
				CLANG_WARN_EMPTY_BODY = YES;
				CLANG_WARN_ENUM_CONVERSION = YES;
				CLANG_WARN_INFINITE_RECURSION = YES;
				CLANG_WARN_INT_CONVERSION = YES;
				CLANG_WARN_NON_LITERAL_NULL_CONVERSION = YES;
				CLANG_WARN_OBJC_IMPLICIT_RETAIN_SELF = YES;
				CLANG_WARN_OBJC_LITERAL_CONVERSION = YES;
				CLANG_WARN_OBJC_ROOT_CLASS = YES_ERROR;
				CLANG_WARN_QUOTED_INCLUDE_IN_FRAMEWORK_HEADER = YES;
				CLANG_WARN_RANGE_LOOP_ANALYSIS = YES;
				CLANG_WARN_STRICT_PROTOTYPES = YES;
				CLANG_WARN_SUSPICIOUS_MOVE = YES;
				CLANG_WARN_UNGUARDED_AVAILABILITY = YES_AGGRESSIVE;
				CLANG_WARN_UNREACHABLE_CODE = YES;
				CLANG_WARN__DUPLICATE_METHOD_MATCH = YES;
				COPY_PHASE_STRIP = NO;
				DEBUG_INFORMATION_FORMAT = dwarf;
				ENABLE_STRICT_OBJC_MSGSEND = YES;
				ENABLE_TESTABILITY = YES;
				GCC_C_LANGUAGE_STANDARD = gnu11;
				GCC_DYNAMIC_NO_PIC = NO;
				GCC_NO_COMMON_BLOCKS = YES;
				GCC_OPTIMIZATION_LEVEL = 0;
				GCC_PREPROCESSOR_DEFINITIONS = (
					"DEBUG=1",
					"$(inherited)",
				);
				GCC_WARN_64_TO_32_BIT_CONVERSION = YES;
				GCC_WARN_ABOUT_RETURN_TYPE = YES_ERROR;
				GCC_WARN_UNDECLARED_SELECTOR = YES;
				GCC_WARN_UNINITIALIZED_AUTOS = YES_AGGRESSIVE;
				GCC_WARN_UNUSED_FUNCTION = YES;
				GCC_WARN_UNUSED_VARIABLE = YES;
				IPHONEOS_DEPLOYMENT_TARGET = 14.4;
				MTL_ENABLE_DEBUG_INFO = INCLUDE_SOURCE;
				MTL_FAST_MATH = YES;
				ONLY_ACTIVE_ARCH = YES;
				SDKROOT = iphoneos;
				SWIFT_ACTIVE_COMPILATION_CONDITIONS = DEBUG;
				SWIFT_OPTIMIZATION_LEVEL = "-Onone";
			};
			name = Debug;
		};
		B096F44825E5DDF000955319 /* Release */ = {
			isa = XCBuildConfiguration;
			buildSettings = {
				ALWAYS_SEARCH_USER_PATHS = NO;
				CLANG_ANALYZER_NONNULL = YES;
				CLANG_ANALYZER_NUMBER_OBJECT_CONVERSION = YES_AGGRESSIVE;
				CLANG_CXX_LANGUAGE_STANDARD = "gnu++14";
				CLANG_CXX_LIBRARY = "libc++";
				CLANG_ENABLE_MODULES = YES;
				CLANG_ENABLE_OBJC_ARC = YES;
				CLANG_ENABLE_OBJC_WEAK = YES;
				CLANG_WARN_BLOCK_CAPTURE_AUTORELEASING = YES;
				CLANG_WARN_BOOL_CONVERSION = YES;
				CLANG_WARN_COMMA = YES;
				CLANG_WARN_CONSTANT_CONVERSION = YES;
				CLANG_WARN_DEPRECATED_OBJC_IMPLEMENTATIONS = YES;
				CLANG_WARN_DIRECT_OBJC_ISA_USAGE = YES_ERROR;
				CLANG_WARN_DOCUMENTATION_COMMENTS = YES;
				CLANG_WARN_EMPTY_BODY = YES;
				CLANG_WARN_ENUM_CONVERSION = YES;
				CLANG_WARN_INFINITE_RECURSION = YES;
				CLANG_WARN_INT_CONVERSION = YES;
				CLANG_WARN_NON_LITERAL_NULL_CONVERSION = YES;
				CLANG_WARN_OBJC_IMPLICIT_RETAIN_SELF = YES;
				CLANG_WARN_OBJC_LITERAL_CONVERSION = YES;
				CLANG_WARN_OBJC_ROOT_CLASS = YES_ERROR;
				CLANG_WARN_QUOTED_INCLUDE_IN_FRAMEWORK_HEADER = YES;
				CLANG_WARN_RANGE_LOOP_ANALYSIS = YES;
				CLANG_WARN_STRICT_PROTOTYPES = YES;
				CLANG_WARN_SUSPICIOUS_MOVE = YES;
				CLANG_WARN_UNGUARDED_AVAILABILITY = YES_AGGRESSIVE;
				CLANG_WARN_UNREACHABLE_CODE = YES;
				CLANG_WARN__DUPLICATE_METHOD_MATCH = YES;
				COPY_PHASE_STRIP = NO;
				DEBUG_INFORMATION_FORMAT = "dwarf-with-dsym";
				ENABLE_NS_ASSERTIONS = NO;
				ENABLE_STRICT_OBJC_MSGSEND = YES;
				GCC_C_LANGUAGE_STANDARD = gnu11;
				GCC_NO_COMMON_BLOCKS = YES;
				GCC_WARN_64_TO_32_BIT_CONVERSION = YES;
				GCC_WARN_ABOUT_RETURN_TYPE = YES_ERROR;
				GCC_WARN_UNDECLARED_SELECTOR = YES;
				GCC_WARN_UNINITIALIZED_AUTOS = YES_AGGRESSIVE;
				GCC_WARN_UNUSED_FUNCTION = YES;
				GCC_WARN_UNUSED_VARIABLE = YES;
				IPHONEOS_DEPLOYMENT_TARGET = 14.4;
				MTL_ENABLE_DEBUG_INFO = NO;
				MTL_FAST_MATH = YES;
				SDKROOT = iphoneos;
				SWIFT_COMPILATION_MODE = wholemodule;
				SWIFT_OPTIMIZATION_LEVEL = "-O";
				VALIDATE_PRODUCT = YES;
			};
			name = Release;
		};
		B096F44A25E5DDF000955319 /* Debug */ = {
			isa = XCBuildConfiguration;
			buildSettings = {
				ASSETCATALOG_COMPILER_APPICON_NAME = AppIcon;
				ASSETCATALOG_COMPILER_GLOBAL_ACCENT_COLOR_NAME = AccentColor;
				CODE_SIGN_STYLE = Automatic;
				DEVELOPMENT_TEAM = Z6256L4976;
				INFOPLIST_FILE = PigManagement/Info.plist;
				LD_RUNPATH_SEARCH_PATHS = (
					"$(inherited)",
					"@executable_path/Frameworks",
				);
				PRODUCT_BUNDLE_IDENTIFIER = genecoding.PigManagement;
				PRODUCT_NAME = "$(TARGET_NAME)";
				SWIFT_VERSION = 5.0;
				TARGETED_DEVICE_FAMILY = "1,2";
			};
			name = Debug;
		};
		B096F44B25E5DDF000955319 /* Release */ = {
			isa = XCBuildConfiguration;
			buildSettings = {
				ASSETCATALOG_COMPILER_APPICON_NAME = AppIcon;
				ASSETCATALOG_COMPILER_GLOBAL_ACCENT_COLOR_NAME = AccentColor;
				CODE_SIGN_STYLE = Automatic;
				DEVELOPMENT_TEAM = Z6256L4976;
				INFOPLIST_FILE = PigManagement/Info.plist;
				LD_RUNPATH_SEARCH_PATHS = (
					"$(inherited)",
					"@executable_path/Frameworks",
				);
				PRODUCT_BUNDLE_IDENTIFIER = genecoding.PigManagement;
				PRODUCT_NAME = "$(TARGET_NAME)";
				SWIFT_VERSION = 5.0;
				TARGETED_DEVICE_FAMILY = "1,2";
			};
			name = Release;
		};
/* End XCBuildConfiguration section */

/* Begin XCConfigurationList section */
		B096F42D25E5DDE500955319 /* Build configuration list for PBXProject "PigManagement" */ = {
			isa = XCConfigurationList;
			buildConfigurations = (
				B096F44725E5DDF000955319 /* Debug */,
				B096F44825E5DDF000955319 /* Release */,
			);
			defaultConfigurationIsVisible = 0;
			defaultConfigurationName = Release;
		};
		B096F44925E5DDF000955319 /* Build configuration list for PBXNativeTarget "PigManagement" */ = {
			isa = XCConfigurationList;
			buildConfigurations = (
				B096F44A25E5DDF000955319 /* Debug */,
				B096F44B25E5DDF000955319 /* Release */,
			);
			defaultConfigurationIsVisible = 0;
			defaultConfigurationName = Release;
		};
/* End XCConfigurationList section */

/* Begin XCVersionGroup section */
		B096F43E25E5DDE500955319 /* PigManagement.xcdatamodeld */ = {
			isa = XCVersionGroup;
			children = (
				B096F43F25E5DDE500955319 /* PigManagement.xcdatamodel */,
			);
			currentVersion = B096F43F25E5DDE500955319 /* PigManagement.xcdatamodel */;
			path = PigManagement.xcdatamodeld;
			sourceTree = "<group>";
			versionGroupType = wrapper.xcdatamodel;
		};
/* End XCVersionGroup section */
	};
	rootObject = B096F42A25E5DDE500955319 /* Project object */;
}
